
Microsoft Visual Studio Solution File, Format Version 12.00
# Visual Studio Version 16
VisualStudioVersion = 16.0.28922.388
MinimumVisualStudioVersion = 10.0.40219.1
Project("{FAE04EC0-301F-11D3-BF4B-00C04F79EFBC}") = "SignCalculator", "SignCalculator.csproj", "{6F344375-619F-45CF-B233-47151D370154}"
EndProject
Global
	GlobalSection(SolutionConfigurationPlatforms) = preSolution
		Debug|Any CPU = Debug|Any CPU
		Release|Any CPU = Release|Any CPU
	EndGlobalSection
	GlobalSection(ProjectConfigurationPlatforms) = postSolution
		{6F344375-619F-45CF-B233-47151D370154}.Debug|Any CPU.ActiveCfg = Debug|Any CPU
		{6F344375-619F-45CF-B233-47151D370154}.Debug|Any CPU.Build.0 = Debug|Any CPU
		{6F344375-619F-45CF-B233-47151D370154}.Release|Any CPU.ActiveCfg = Release|Any CPU
		{6F344375-619F-45CF-B233-47151D370154}.Release|Any CPU.Build.0 = Release|Any CPU
	EndGlobalSection
	GlobalSection(SolutionProperties) = preSolution
		HideSolutionNode = FALSE
	EndGlobalSection
	GlobalSection(ExtensibilityGlobals) = postSolution
		SolutionGuid = {C74BE1F1-4E03-485D-97C5-13C7C6E39EF6}
	EndGlobalSection
EndGlobal
